<?xml version="1.0" encoding="utf-8"?>
<Project ToolsVersion="4.0" xmlns="http://schemas.microsoft.com/developer/msbuild/2003">
  <ItemGroup>
    <Filter Include="源文件">
      <UniqueIdentifier>{4FC737F1-C7A5-4376-A066-2A32D752A2FF}</UniqueIdentifier>
      <Extensions>cpp;c;cc;cxx;def;odl;idl;hpj;bat;asm;asmx</Extensions>
    </Filter>
    <Filter Include="头文件">
      <UniqueIdentifier>{93995380-89BD-4b04-88EB-625FBE52EBFB}</UniqueIdentifier>
      <Extensions>h;hh;hpp;hxx;hm;inl;inc;xsd</Extensions>
    </Filter>
    <Filter Include="资源文件">
      <UniqueIdentifier>{67DA6AB6-F800-4c08-8B7A-83BB121AAD01}</UniqueIdentifier>
      <Extensions>rc;ico;cur;bmp;dlg;rc2;rct;bin;rgs;gif;jpg;jpeg;jpe;resx;tiff;tif;png;wav;mfcribbon-ms</Extensions>
    </Filter>
    <Filter Include="libraries">
      <UniqueIdentifier>{572becbd-17a3-4765-afff-b9367afcf118}</UniqueIdentifier>
    </Filter>
    <Filter Include="structs">
      <UniqueIdentifier>{8c5a8106-5bc0-4c94-ae5e-0a2c31750d6b}</UniqueIdentifier>
    </Filter>
  </ItemGroup>
  <ItemGroup>
    <ClInclude Include="libraries\interfaces.h">
      <Filter>libraries</Filter>
    </ClInclude>
    <ClInclude Include="libraries\math.h">
      <Filter>libraries</Filter>
    </ClInclude>
    <ClInclude Include="libraries\vmt.h">
      <Filter>libraries</Filter>
    </ClInclude>
    <ClInclude Include="structs\angle.h">
      <Filter>structs</Filter>
    </ClInclude>
    <ClInclude Include="structs\baseentity.h">
      <Filter>structs</Filter>
    </ClInclude>
    <ClInclude Include="structs\checksum_md5.h">
      <Filter>structs</Filter>
    </ClInclude>
    <ClInclude Include="structs\client.h">
      <Filter>structs</Filter>
    </ClInclude>
    <ClInclude Include="structs\cliententlist.h">
      <Filter>structs</Filter>
    </ClInclude>
    <ClInclude Include="structs\crc32.h">
      <Filter>structs</Filter>
    </ClInclude>
    <ClInclude Include="structs\engine.h">
      <Filter>structs</Filter>
    </ClInclude>
    <ClInclude Include="structs\globals.h">
      <Filter>structs</Filter>
    </ClInclude>
    <ClInclude Include="structs\input.h">
      <Filter>structs</Filter>
    </ClInclude>
    <ClInclude Include="structs\modelinfo.h">
      <Filter>structs</Filter>
    </ClInclude>
    <ClInclude Include="structs\panel.h">
      <Filter>structs</Filter>
    </ClInclude>
    <ClInclude Include="structs\playerinfo.h">
      <Filter>structs</Filter>
    </ClInclude>
    <ClInclude Include="structs\quaternion.h">
      <Filter>structs</Filter>
    </ClInclude>
    <ClInclude Include="structs\surface.h">
      <Filter>structs</Filter>
    </ClInclude>
    <ClInclude Include="structs\trace.h">
      <Filter>structs</Filter>
    </ClInclude>
    <ClInclude Include="structs\usercmd.h">
      <Filter>structs</Filter>
    </ClInclude>
    <ClInclude Include="structs\vector.h">
      <Filter>structs</Filter>
    </ClInclude>
    <ClInclude Include="structs\vmatrix.h">
      <Filter>structs</Filter>
    </ClInclude>
    <ClInclude Include="definitions.h">
      <Filter>头文件</Filter>
    </ClInclude>
    <ClInclude Include="indexes.h">
      <Filter>头文件</Filter>
    </ClInclude>
    <ClInclude Include="main.h">
      <Filter>头文件</Filter>
    </ClInclude>
    <ClInclude Include="Utils.h">
      <Filter>头文件</Filter>
    </ClInclude>
    <ClInclude Include="structs\debugoverlay.h">
      <Filter>structs</Filter>
    </ClInclude>
    <ClInclude Include="structs\console.h">
      <Filter>structs</Filter>
    </ClInclude>
    <ClInclude Include="structs\event.h">
      <Filter>structs</Filter>
    </ClInclude>
    <ClInclude Include="structs\render.h">
      <Filter>structs</Filter>
    </ClInclude>
    <ClInclude Include="libraries\xorstr.h">
      <Filter>libraries</Filter>
    </ClInclude>
    <ClInclude Include="ntdll.h">
      <Filter>头文件</Filter>
    </ClInclude>
    <ClInclude Include="structs\weapon.h">
      <Filter>structs</Filter>
    </ClInclude>
  </ItemGroup>
  <ItemGroup>
    <ClCompile Include="structs\checksum_md5.cpp">
      <Filter>structs</Filter>
    </ClCompile>
    <ClCompile Include="main.cpp">
      <Filter>源文件</Filter>
    </ClCompile>
  </ItemGroup>
</Project>