<?xml version="1.0" encoding="utf-8"?>
<Project ToolsVersion="4.0" xmlns="http://schemas.microsoft.com/developer/msbuild/2003">
  <ItemGroup>
    <ClCompile Include="main.cpp" />
    <ClCompile Include="detourxs.cpp">
      <Filter>detour</Filter>
    </ClCompile>
  </ItemGroup>
  <ItemGroup>
    <ClInclude Include="d3dukmdt.h" />
    <ClInclude Include="d3dumddi.h" />
    <ClInclude Include="main.h" />
    <ClInclude Include="detourxs.h">
      <Filter>detour</Filter>
    </ClInclude>
    <ClInclude Include="overlay.h">
      <Filter>overlay</Filter>
    </ClInclude>
    <ClInclude Include="..\detours\detours.h">
      <Filter>detour</Filter>
    </ClInclude>
    <ClInclude Include="..\detours\detver.h">
      <Filter>detour</Filter>
    </ClInclude>
  </ItemGroup>
  <ItemGroup>
    <Filter Include="detour">
      <UniqueIdentifier>{aa2c06d8-9489-4589-be56-5471ebe121f7}</UniqueIdentifier>
    </Filter>
    <Filter Include="overlay">
      <UniqueIdentifier>{40ac59d9-0afb-49f5-94e1-3f3d7f6de1ab}</UniqueIdentifier>
    </Filter>
  </ItemGroup>
  <ItemGroup>
    <None Include="hook.def">
      <Filter>detour</Filter>
    </None>
  </ItemGroup>
  <ItemGroup>
    <CustomBuild Include="LDE64.asm">
      <Filter>detour</Filter>
    </CustomBuild>
    <CustomBuild Include="LDE64x64.asm" />
  </ItemGroup>
</Project>