
Microsoft Visual Studio Solution File, Format Version 12.00
# Visual Studio 15
VisualStudioVersion = 15.0.26430.14
MinimumVisualStudioVersion = 10.0.40219.1
Project("{8BC9CEB8-8B4A-11D0-8D11-00A0C91BC942}") = "SourceEngineGameTools", "SourceEngineGameTools\SourceEngineGameTools.vcxproj", "{58FA2DDA-6FEB-424D-865E-51A041020E67}"
EndProject
Project("{8BC9CEB8-8B4A-11D0-8D11-00A0C91BC942}") = "gpud3dhook", "gpud3dhook\gpud3dhook.vcxproj", "{10FBB0E6-D62B-4357-AC9F-A10A87745721}"
EndProject
Project("{8BC9CEB8-8B4A-11D0-8D11-00A0C91BC942}") = "imgui", "imgui\imgui.vcxproj", "{DBBB80DA-5133-4539-A2F8-E013F8F21D8A}"
EndProject
Global
	GlobalSection(SolutionConfigurationPlatforms) = preSolution
		Debug|x64 = Debug|x64
		Debug|x86 = Debug|x86
		Release|x64 = Release|x64
		Release|x86 = Release|x86
	EndGlobalSection
	GlobalSection(ProjectConfigurationPlatforms) = postSolution
		{58FA2DDA-6FEB-424D-865E-51A041020E67}.Debug|x64.ActiveCfg = Debug|x64
		{58FA2DDA-6FEB-424D-865E-51A041020E67}.Debug|x64.Build.0 = Debug|x64
		{58FA2DDA-6FEB-424D-865E-51A041020E67}.Debug|x86.ActiveCfg = Debug|Win32
		{58FA2DDA-6FEB-424D-865E-51A041020E67}.Debug|x86.Build.0 = Debug|Win32
		{58FA2DDA-6FEB-424D-865E-51A041020E67}.Release|x64.ActiveCfg = Release|x64
		{58FA2DDA-6FEB-424D-865E-51A041020E67}.Release|x64.Build.0 = Release|x64
		{58FA2DDA-6FEB-424D-865E-51A041020E67}.Release|x86.ActiveCfg = Release|Win32
		{58FA2DDA-6FEB-424D-865E-51A041020E67}.Release|x86.Build.0 = Release|Win32
		{10FBB0E6-D62B-4357-AC9F-A10A87745721}.Debug|x64.ActiveCfg = Debug|x64
		{10FBB0E6-D62B-4357-AC9F-A10A87745721}.Debug|x64.Build.0 = Debug|x64
		{10FBB0E6-D62B-4357-AC9F-A10A87745721}.Debug|x86.ActiveCfg = Debug|Win32
		{10FBB0E6-D62B-4357-AC9F-A10A87745721}.Debug|x86.Build.0 = Debug|Win32
		{10FBB0E6-D62B-4357-AC9F-A10A87745721}.Release|x64.ActiveCfg = Release|x64
		{10FBB0E6-D62B-4357-AC9F-A10A87745721}.Release|x64.Build.0 = Release|x64
		{10FBB0E6-D62B-4357-AC9F-A10A87745721}.Release|x86.ActiveCfg = Release|Win32
		{10FBB0E6-D62B-4357-AC9F-A10A87745721}.Release|x86.Build.0 = Release|Win32
		{DBBB80DA-5133-4539-A2F8-E013F8F21D8A}.Debug|x64.ActiveCfg = Debug|x64
		{DBBB80DA-5133-4539-A2F8-E013F8F21D8A}.Debug|x64.Build.0 = Debug|x64
		{DBBB80DA-5133-4539-A2F8-E013F8F21D8A}.Debug|x86.ActiveCfg = Debug|Win32
		{DBBB80DA-5133-4539-A2F8-E013F8F21D8A}.Debug|x86.Build.0 = Debug|Win32
		{DBBB80DA-5133-4539-A2F8-E013F8F21D8A}.Release|x64.ActiveCfg = Release|x64
		{DBBB80DA-5133-4539-A2F8-E013F8F21D8A}.Release|x64.Build.0 = Release|x64
		{DBBB80DA-5133-4539-A2F8-E013F8F21D8A}.Release|x86.ActiveCfg = Release|Win32
		{DBBB80DA-5133-4539-A2F8-E013F8F21D8A}.Release|x86.Build.0 = Release|Win32
	EndGlobalSection
	GlobalSection(SolutionProperties) = preSolution
		HideSolutionNode = FALSE
	EndGlobalSection
EndGlobal
